{
  "name": "blazorproject.client",
  "version": "1.0.0",
  "lockfileVersion": 3,
  "requires": true,
  "packages": {
    "": {
      "name": "blazorproject.client",
      "version": "1.0.0",
      "license": "ISC",
      "dependencies": {
        "@github/markdown-toolbar-element": "^2.2.1"
      }
    },
    "node_modules/@github/markdown-toolbar-element": {
      "version": "2.2.1",
      "resolved": "https://registry.npmjs.org/@github/markdown-toolbar-element/-/markdown-toolbar-element-2.2.1.tgz",
      "integrity": "sha512-ap+ulyqzG3aVqwKsKjbDdYwM75TQXZpPtmIuPwm+54OTgcC96267oX3cEqd1wSqGsH7O5PonZ//fE9jH7Q4JkA=="
    }
  }
}
