
Microsoft Visual Studio Solution File, Format Version 12.00
# Visual Studio Version 17
VisualStudioVersion = 17.8.34212.112
MinimumVisualStudioVersion = 10.0.40219.1
Project("{9A19103F-16F7-4668-BE54-9A1E7A4F7556}") = "BlazorWebApp", "BlazorWebApp\BlazorWebApp\BlazorWebApp.csproj", "{3381FD33-0C00-40D2-A8D3-5BA33CA1DEDE}"
EndProject
Project("{9A19103F-16F7-4668-BE54-9A1E7A4F7556}") = "BlazorWebApp.Client", "BlazorWebApp\BlazorWebApp.Client\BlazorWebApp.Client.csproj", "{BEA668CF-BB74-4137-B46F-DE62BDE84CA6}"
EndProject
Global
	GlobalSection(SolutionConfigurationPlatforms) = preSolution
		Debug|Any CPU = Debug|Any CPU
		Release|Any CPU = Release|Any CPU
	EndGlobalSection
	GlobalSection(ProjectConfigurationPlatforms) = postSolution
		{3381FD33-0C00-40D2-A8D3-5BA33CA1DEDE}.Debug|Any CPU.ActiveCfg = Debug|Any CPU
		{3381FD33-0C00-40D2-A8D3-5BA33CA1DEDE}.Debug|Any CPU.Build.0 = Debug|Any CPU
		{3381FD33-0C00-40D2-A8D3-5BA33CA1DEDE}.Release|Any CPU.ActiveCfg = Release|Any CPU
		{3381FD33-0C00-40D2-A8D3-5BA33CA1DEDE}.Release|Any CPU.Build.0 = Release|Any CPU
		{BEA668CF-BB74-4137-B46F-DE62BDE84CA6}.Debug|Any CPU.ActiveCfg = Debug|Any CPU
		{BEA668CF-BB74-4137-B46F-DE62BDE84CA6}.Debug|Any CPU.Build.0 = Debug|Any CPU
		{BEA668CF-BB74-4137-B46F-DE62BDE84CA6}.Release|Any CPU.ActiveCfg = Release|Any CPU
		{BEA668CF-BB74-4137-B46F-DE62BDE84CA6}.Release|Any CPU.Build.0 = Release|Any CPU
	EndGlobalSection
	GlobalSection(SolutionProperties) = preSolution
		HideSolutionNode = FALSE
	EndGlobalSection
	GlobalSection(ExtensibilityGlobals) = postSolution
		SolutionGuid = {4572341D-1863-4000-AA6D-35453330485F}
	EndGlobalSection
EndGlobal
