
Microsoft Visual Studio Solution File, Format Version 12.00
# Visual Studio Version 17
VisualStudioVersion = 17.9.34511.98
MinimumVisualStudioVersion = 10.0.40219.1
Project("{FAE04EC0-301F-11D3-BF4B-00C04F79EFBC}") = "BlazorHybridApp", "BlazorHybridApp\BlazorHybridApp.csproj", "{F738F2BA-58CF-4F50-A195-53BECC687488}"
EndProject
Global
	GlobalSection(SolutionConfigurationPlatforms) = preSolution
		Debug|Any CPU = Debug|Any CPU
		Release|Any CPU = Release|Any CPU
	EndGlobalSection
	GlobalSection(ProjectConfigurationPlatforms) = postSolution
		{F738F2BA-58CF-4F50-A195-53BECC687488}.Debug|Any CPU.ActiveCfg = Debug|Any CPU
		{F738F2BA-58CF-4F50-A195-53BECC687488}.Debug|Any CPU.Build.0 = Debug|Any CPU
		{F738F2BA-58CF-4F50-A195-53BECC687488}.Debug|Any CPU.Deploy.0 = Debug|Any CPU
		{F738F2BA-58CF-4F50-A195-53BECC687488}.Release|Any CPU.ActiveCfg = Release|Any CPU
		{F738F2BA-58CF-4F50-A195-53BECC687488}.Release|Any CPU.Build.0 = Release|Any CPU
		{F738F2BA-58CF-4F50-A195-53BECC687488}.Release|Any CPU.Deploy.0 = Release|Any CPU
	EndGlobalSection
	GlobalSection(SolutionProperties) = preSolution
		HideSolutionNode = FALSE
	EndGlobalSection
	GlobalSection(ExtensibilityGlobals) = postSolution
		SolutionGuid = {3CB9AA67-B992-402C-B5DB-EE3DD71851CE}
	EndGlobalSection
EndGlobal
